
Microsoft Visual Studio Solution File, Format Version 12.00
# Visual Studio Version 16
VisualStudioVersion = 16.0.30717.126
MinimumVisualStudioVersion = 10.0.40219.1
Project("{A0786B88-2ADB-4C21-ABE8-AA2D79766269}") = "slReplayParser", "slReplayParser.phpproj", "{90B50E07-E288-4AD1-8D12-0DC9CBE02320}"
EndProject
Global
	GlobalSection(SolutionConfigurationPlatforms) = preSolution
		Debug|Any CPU = Debug|Any CPU
		Release|Any CPU = Release|Any CPU
	EndGlobalSection
	GlobalSection(ProjectConfigurationPlatforms) = postSolution
		{90B50E07-E288-4AD1-8D12-0DC9CBE02320}.Debug|Any CPU.ActiveCfg = Debug|Any CPU
		{90B50E07-E288-4AD1-8D12-0DC9CBE02320}.Release|Any CPU.ActiveCfg = Release|Any CPU
	EndGlobalSection
	GlobalSection(SolutionProperties) = preSolution
		HideSolutionNode = FALSE
	EndGlobalSection
	GlobalSection(ExtensibilityGlobals) = postSolution
		SolutionGuid = {8841B9D7-B852-4C4C-AFDF-DADBB3B51F93}
	EndGlobalSection
EndGlobal
